# THIS IS AN AUTOGENERATED FILE. DO NOT EDIT THIS FILE DIRECTLY.
# yarn lockfile v1
js-tokens@^1.0.1:
  version "1.0.3"
  resolved "https://npm-test.tescloud.com/js-tokens/-/js-tokens-1.0.3/14e56eb68c8f1a92c43d59f5014ec29dc20f2ae1.tgz#14e56eb68c8f1a92c43d59f5014ec29dc20f2ae1"

lodash-es@^4.2.1:
  version "4.16.4"
  resolved "https://npm-test.tescloud.com/lodash-es/-/lodash-es-4.16.4/4dc3e2cf33a8c343028aa7f7e06d1c9697042599.tgz#4dc3e2cf33a8c343028aa7f7e06d1c9697042599"

lodash@^4.2.1:
  version "4.16.4"
  resolved "https://npm-test.tescloud.com/lodash/-/lodash-4.16.4/01ce306b9bad1319f2a5528674f88297aeb70127.tgz#01ce306b9bad1319f2a5528674f88297aeb70127"

loose-envify@^1.1.0:
  version "1.2.0"
  resolved "https://npm-test.tescloud.com/loose-envify/-/loose-envify-1.2.0/69a65aad3de542cf4ee0f4fe74e8e33c709ccb0f.tgz#69a65aad3de542cf4ee0f4fe74e8e33c709ccb0f"
  dependencies:
    js-tokens "^1.0.1"

redux@^3.6.0:
  version "3.6.0"
  resolved "https://npm-test.tescloud.com/redux/-/redux-3.6.0/887c2b3d0b9bd86eca2be70571c27654c19e188d.tgz#887c2b3d0b9bd86eca2be70571c27654c19e188d"
  dependencies:
    lodash "^4.2.1"
    lodash-es "^4.2.1"
    loose-envify "^1.1.0"
    symbol-observable "^1.0.2"

reselect@^2.5.3:
  version "2.5.4"
  resolved "https://npm-test.tescloud.com/reselect/-/reselect-2.5.4/b7d23fdf00b83fa7ad0279546f8dbbbd765c7047.tgz#b7d23fdf00b83fa7ad0279546f8dbbbd765c7047"

symbol-observable@^1.0.2:
  version "1.0.4"
  resolved "https://npm-test.tescloud.com/symbol-observable/-/symbol-observable-1.0.4/29bf615d4aa7121bdd898b22d4b3f9bc4e2aa03d.tgz#29bf615d4aa7121bdd898b22d4b3f9bc4e2aa03d"

